// !$*UTF8*$!
{
	archiveVersion = 1;
	classes = {
	};
	objectVersion = 46;
	objects = {

/* Begin PBXBuildFile section */
		388ED7791AAFCF5D00423A00 /* CoreLocation.framework in Frameworks */ = {isa = PBXBuildFile; fileRef = 388ED7781AAFCF5D00423A00 /* CoreLocation.framework */; };
		388ED77D1AAFCF8D00423A00 /* GoogleMaps.framework in Frameworks */ = {isa = PBXBuildFile; fileRef = 388ED77C1AAFCF8D00423A00 /* GoogleMaps.framework */; };
		388ED77F1AAFE98300423A00 /* AVFoundation.framework in Frameworks */ = {isa = PBXBuildFile; fileRef = 388ED77E1AAFE98300423A00 /* AVFoundation.framework */; };
		388ED7811AAFE98C00423A00 /* CoreData.framework in Frameworks */ = {isa = PBXBuildFile; fileRef = 388ED7801AAFE98C00423A00 /* CoreData.framework */; };
		388ED7831AAFE99700423A00 /* CoreText.framework in Frameworks */ = {isa = PBXBuildFile; fileRef = 388ED7821AAFE99700423A00 /* CoreText.framework */; };
		388ED7851AAFE9A000423A00 /* GLKit.framework in Frameworks */ = {isa = PBXBuildFile; fileRef = 388ED7841AAFE9A000423A00 /* GLKit.framework */; };
		388ED7871AAFE9A900423A00 /* ImageIO.framework in Frameworks */ = {isa = PBXBuildFile; fileRef = 388ED7861AAFE9A800423A00 /* ImageIO.framework */; };
		388ED7891AAFE9B500423A00 /* libc++.dylib in Frameworks */ = {isa = PBXBuildFile; fileRef = 388ED7881AAFE9B500423A00 /* libc++.dylib */; };
		388ED78B1AAFE9C000423A00 /* libicucore.dylib in Frameworks */ = {isa = PBXBuildFile; fileRef = 388ED78A1AAFE9C000423A00 /* libicucore.dylib */; };
		388ED78D1AAFE9CD00423A00 /* libz.dylib in Frameworks */ = {isa = PBXBuildFile; fileRef = 388ED78C1AAFE9CD00423A00 /* libz.dylib */; };
		388ED78F1AAFE9D900423A00 /* OpenGLES.framework in Frameworks */ = {isa = PBXBuildFile; fileRef = 388ED78E1AAFE9D900423A00 /* OpenGLES.framework */; };
		388ED7911AAFEA0600423A00 /* QuartzCore.framework in Frameworks */ = {isa = PBXBuildFile; fileRef = 388ED7901AAFEA0600423A00 /* QuartzCore.framework */; };
		388ED7931AAFEA1800423A00 /* SystemConfiguration.framework in Frameworks */ = {isa = PBXBuildFile; fileRef = 388ED7921AAFEA1800423A00 /* SystemConfiguration.framework */; };
		388ED8571AAFEC3800423A00 /* GoogleMaps.bundle in Resources */ = {isa = PBXBuildFile; fileRef = 388ED8561AAFEC3800423A00 /* GoogleMaps.bundle */; };
		388ED85B1AB1338700423A00 /* AudioToolbox.framework in Frameworks */ = {isa = PBXBuildFile; fileRef = 388ED85A1AB1338700423A00 /* AudioToolbox.framework */; };
		388ED85D1AB1339100423A00 /* CFNetwork.framework in Frameworks */ = {isa = PBXBuildFile; fileRef = 388ED85C1AB1339100423A00 /* CFNetwork.framework */; };
		388ED85F1AB133D500423A00 /* CoreGraphics.framework in Frameworks */ = {isa = PBXBuildFile; fileRef = 388ED85E1AB133D500423A00 /* CoreGraphics.framework */; };
		388ED8611AB133E100423A00 /* MobileCoreServices.framework in Frameworks */ = {isa = PBXBuildFile; fileRef = 388ED8601AB133E100423A00 /* MobileCoreServices.framework */; };
		388ED8631AB1341B00423A00 /* Security.framework in Frameworks */ = {isa = PBXBuildFile; fileRef = 388ED8621AB1341B00423A00 /* Security.framework */; };
		388ED8651AB1342800423A00 /* StoreKit.framework in Frameworks */ = {isa = PBXBuildFile; fileRef = 388ED8641AB1342800423A00 /* StoreKit.framework */; };
		388ED8671AB1344400423A00 /* libsqlite3.dylib in Frameworks */ = {isa = PBXBuildFile; fileRef = 388ED8661AB1344400423A00 /* libsqlite3.dylib */; };
		388ED8731AB1412E00423A00 /* Bolts.framework in Frameworks */ = {isa = PBXBuildFile; fileRef = 388ED8711AB1412E00423A00 /* Bolts.framework */; };
		388ED8741AB1412E00423A00 /* Parse.framework in Frameworks */ = {isa = PBXBuildFile; fileRef = 388ED8721AB1412E00423A00 /* Parse.framework */; };
		388ED8761AB1414D00423A00 /* Social.framework in Frameworks */ = {isa = PBXBuildFile; fileRef = 388ED8751AB1414D00423A00 /* Social.framework */; };
		388ED87A1AB1417400423A00 /* Accounts.framework in Frameworks */ = {isa = PBXBuildFile; fileRef = 388ED8791AB1417400423A00 /* Accounts.framework */; };
		388ED8801AB26D9700423A00 /* ThreadListView.m in Sources */ = {isa = PBXBuildFile; fileRef = 388ED87F1AB26D9700423A00 /* ThreadListView.m */; };
		388ED8831AB5430400423A00 /* MoreInfoVIew.m in Sources */ = {isa = PBXBuildFile; fileRef = 388ED8821AB5430400423A00 /* MoreInfoVIew.m */; };
		38BCC7701AAF9F6E00468A36 /* main.m in Sources */ = {isa = PBXBuildFile; fileRef = 38BCC76F1AAF9F6E00468A36 /* main.m */; };
		38BCC7731AAF9F6E00468A36 /* AppDelegate.m in Sources */ = {isa = PBXBuildFile; fileRef = 38BCC7721AAF9F6E00468A36 /* AppDelegate.m */; };
		38BCC7761AAF9F6E00468A36 /* threader.xcdatamodeld in Sources */ = {isa = PBXBuildFile; fileRef = 38BCC7741AAF9F6E00468A36 /* threader.xcdatamodeld */; };
		38BCC7791AAF9F6E00468A36 /* ViewController.m in Sources */ = {isa = PBXBuildFile; fileRef = 38BCC7781AAF9F6E00468A36 /* ViewController.m */; };
		38BCC77C1AAF9F6E00468A36 /* Main.storyboard in Resources */ = {isa = PBXBuildFile; fileRef = 38BCC77A1AAF9F6E00468A36 /* Main.storyboard */; };
		38BCC77E1AAF9F6E00468A36 /* Images.xcassets in Resources */ = {isa = PBXBuildFile; fileRef = 38BCC77D1AAF9F6E00468A36 /* Images.xcassets */; };
		38BCC7811AAF9F6E00468A36 /* LaunchScreen.xib in Resources */ = {isa = PBXBuildFile; fileRef = 38BCC77F1AAF9F6E00468A36 /* LaunchScreen.xib */; };
		38BCC78D1AAF9F6E00468A36 /* threaderTests.m in Sources */ = {isa = PBXBuildFile; fileRef = 38BCC78C1AAF9F6E00468A36 /* threaderTests.m */; };
		38BCC7A21AAFAA5D00468A36 /* MapViewController.m in Sources */ = {isa = PBXBuildFile; fileRef = 38BCC7A11AAFAA5D00468A36 /* MapViewController.m */; };
/* End PBXBuildFile section */

/* Begin PBXContainerItemProxy section */
		38BCC7871AAF9F6E00468A36 /* PBXContainerItemProxy */ = {
			isa = PBXContainerItemProxy;
			containerPortal = 38BCC7621AAF9F6E00468A36 /* Project object */;
			proxyType = 1;
			remoteGlobalIDString = 38BCC7691AAF9F6E00468A36;
			remoteInfo = threader;
		};
/* End PBXContainerItemProxy section */

/* Begin PBXFileReference section */
		388ED7781AAFCF5D00423A00 /* CoreLocation.framework */ = {isa = PBXFileReference; lastKnownFileType = wrapper.framework; name = CoreLocation.framework; path = System/Library/Frameworks/CoreLocation.framework; sourceTree = SDKROOT; };
		388ED77C1AAFCF8D00423A00 /* GoogleMaps.framework */ = {isa = PBXFileReference; lastKnownFileType = wrapper.framework; name = GoogleMaps.framework; path = "../../Downloads/GoogleMaps-iOS-1.9.2/GoogleMaps.framework"; sourceTree = "<group>"; };
		388ED77E1AAFE98300423A00 /* AVFoundation.framework */ = {isa = PBXFileReference; lastKnownFileType = wrapper.framework; name = AVFoundation.framework; path = System/Library/Frameworks/AVFoundation.framework; sourceTree = SDKROOT; };
		388ED7801AAFE98C00423A00 /* CoreData.framework */ = {isa = PBXFileReference; lastKnownFileType = wrapper.framework; name = CoreData.framework; path = System/Library/Frameworks/CoreData.framework; sourceTree = SDKROOT; };
		388ED7821AAFE99700423A00 /* CoreText.framework */ = {isa = PBXFileReference; lastKnownFileType = wrapper.framework; name = CoreText.framework; path = System/Library/Frameworks/CoreText.framework; sourceTree = SDKROOT; };
		388ED7841AAFE9A000423A00 /* GLKit.framework */ = {isa = PBXFileReference; lastKnownFileType = wrapper.framework; name = GLKit.framework; path = System/Library/Frameworks/GLKit.framework; sourceTree = SDKROOT; };
		388ED7861AAFE9A800423A00 /* ImageIO.framework */ = {isa = PBXFileReference; lastKnownFileType = wrapper.framework; name = ImageIO.framework; path = System/Library/Frameworks/ImageIO.framework; sourceTree = SDKROOT; };
		388ED7881AAFE9B500423A00 /* libc++.dylib */ = {isa = PBXFileReference; lastKnownFileType = "compiled.mach-o.dylib"; name = "libc++.dylib"; path = "usr/lib/libc++.dylib"; sourceTree = SDKROOT; };
		388ED78A1AAFE9C000423A00 /* libicucore.dylib */ = {isa = PBXFileReference; lastKnownFileType = "compiled.mach-o.dylib"; name = libicucore.dylib; path = usr/lib/libicucore.dylib; sourceTree = SDKROOT; };
		388ED78C1AAFE9CD00423A00 /* libz.dylib */ = {isa = PBXFileReference; lastKnownFileType = "compiled.mach-o.dylib"; name = libz.dylib; path = usr/lib/libz.dylib; sourceTree = SDKROOT; };
		388ED78E1AAFE9D900423A00 /* OpenGLES.framework */ = {isa = PBXFileReference; lastKnownFileType = wrapper.framework; name = OpenGLES.framework; path = System/Library/Frameworks/OpenGLES.framework; sourceTree = SDKROOT; };
		388ED7901AAFEA0600423A00 /* QuartzCore.framework */ = {isa = PBXFileReference; lastKnownFileType = wrapper.framework; name = QuartzCore.framework; path = System/Library/Frameworks/QuartzCore.framework; sourceTree = SDKROOT; };
		388ED7921AAFEA1800423A00 /* SystemConfiguration.framework */ = {isa = PBXFileReference; lastKnownFileType = wrapper.framework; name = SystemConfiguration.framework; path = System/Library/Frameworks/SystemConfiguration.framework; sourceTree = SDKROOT; };
		388ED8561AAFEC3800423A00 /* GoogleMaps.bundle */ = {isa = PBXFileReference; lastKnownFileType = "wrapper.plug-in"; path = GoogleMaps.bundle; sourceTree = "<group>"; };
		388ED85A1AB1338700423A00 /* AudioToolbox.framework */ = {isa = PBXFileReference; lastKnownFileType = wrapper.framework; name = AudioToolbox.framework; path = System/Library/Frameworks/AudioToolbox.framework; sourceTree = SDKROOT; };
		388ED85C1AB1339100423A00 /* CFNetwork.framework */ = {isa = PBXFileReference; lastKnownFileType = wrapper.framework; name = CFNetwork.framework; path = System/Library/Frameworks/CFNetwork.framework; sourceTree = SDKROOT; };
		388ED85E1AB133D500423A00 /* CoreGraphics.framework */ = {isa = PBXFileReference; lastKnownFileType = wrapper.framework; name = CoreGraphics.framework; path = System/Library/Frameworks/CoreGraphics.framework; sourceTree = SDKROOT; };
		388ED8601AB133E100423A00 /* MobileCoreServices.framework */ = {isa = PBXFileReference; lastKnownFileType = wrapper.framework; name = MobileCoreServices.framework; path = System/Library/Frameworks/MobileCoreServices.framework; sourceTree = SDKROOT; };
		388ED8621AB1341B00423A00 /* Security.framework */ = {isa = PBXFileReference; lastKnownFileType = wrapper.framework; name = Security.framework; path = System/Library/Frameworks/Security.framework; sourceTree = SDKROOT; };
		388ED8641AB1342800423A00 /* StoreKit.framework */ = {isa = PBXFileReference; lastKnownFileType = wrapper.framework; name = StoreKit.framework; path = System/Library/Frameworks/StoreKit.framework; sourceTree = SDKROOT; };
		388ED8661AB1344400423A00 /* libsqlite3.dylib */ = {isa = PBXFileReference; lastKnownFileType = "compiled.mach-o.dylib"; name = libsqlite3.dylib; path = usr/lib/libsqlite3.dylib; sourceTree = SDKROOT; };
		388ED8711AB1412E00423A00 /* Bolts.framework */ = {isa = PBXFileReference; lastKnownFileType = wrapper.framework; name = Bolts.framework; path = "../../Downloads/parse-library-1.6.4/Bolts.framework"; sourceTree = "<group>"; };
		388ED8721AB1412E00423A00 /* Parse.framework */ = {isa = PBXFileReference; lastKnownFileType = wrapper.framework; name = Parse.framework; path = "../../Downloads/parse-library-1.6.4/Parse.framework"; sourceTree = "<group>"; };
		388ED8751AB1414D00423A00 /* Social.framework */ = {isa = PBXFileReference; lastKnownFileType = wrapper.framework; name = Social.framework; path = System/Library/Frameworks/Social.framework; sourceTree = SDKROOT; };
		388ED8771AB1415E00423A00 /* AdSupport.framework */ = {isa = PBXFileReference; lastKnownFileType = wrapper.framework; name = AdSupport.framework; path = System/Library/Frameworks/AdSupport.framework; sourceTree = SDKROOT; };
		388ED8791AB1417400423A00 /* Accounts.framework */ = {isa = PBXFileReference; lastKnownFileType = wrapper.framework; name = Accounts.framework; path = System/Library/Frameworks/Accounts.framework; sourceTree = SDKROOT; };
		388ED87E1AB26D9700423A00 /* ThreadListView.h */ = {isa = PBXFileReference; fileEncoding = 4; lastKnownFileType = sourcecode.c.h; name = ThreadListView.h; path = ../ThreadListView.h; sourceTree = "<group>"; };
		388ED87F1AB26D9700423A00 /* ThreadListView.m */ = {isa = PBXFileReference; fileEncoding = 4; lastKnownFileType = sourcecode.c.objc; name = ThreadListView.m; path = ../ThreadListView.m; sourceTree = "<group>"; };
		388ED8811AB5430400423A00 /* MoreInfoVIew.h */ = {isa = PBXFileReference; fileEncoding = 4; lastKnownFileType = sourcecode.c.h; path = MoreInfoVIew.h; sourceTree = "<group>"; };
		388ED8821AB5430400423A00 /* MoreInfoVIew.m */ = {isa = PBXFileReference; fileEncoding = 4; lastKnownFileType = sourcecode.c.objc; path = MoreInfoVIew.m; sourceTree = "<group>"; };
		38BCC76A1AAF9F6E00468A36 /* threader.app */ = {isa = PBXFileReference; explicitFileType = wrapper.application; includeInIndex = 0; path = threader.app; sourceTree = BUILT_PRODUCTS_DIR; };
		38BCC76E1AAF9F6E00468A36 /* Info.plist */ = {isa = PBXFileReference; lastKnownFileType = text.plist.xml; path = Info.plist; sourceTree = "<group>"; };
		38BCC76F1AAF9F6E00468A36 /* main.m */ = {isa = PBXFileReference; lastKnownFileType = sourcecode.c.objc; path = main.m; sourceTree = "<group>"; };
		38BCC7711AAF9F6E00468A36 /* AppDelegate.h */ = {isa = PBXFileReference; lastKnownFileType = sourcecode.c.h; path = AppDelegate.h; sourceTree = "<group>"; };
		38BCC7721AAF9F6E00468A36 /* AppDelegate.m */ = {isa = PBXFileReference; lastKnownFileType = sourcecode.c.objc; path = AppDelegate.m; sourceTree = "<group>"; };
		38BCC7751AAF9F6E00468A36 /* threader.xcdatamodel */ = {isa = PBXFileReference; lastKnownFileType = wrapper.xcdatamodel; path = threader.xcdatamodel; sourceTree = "<group>"; };
		38BCC7771AAF9F6E00468A36 /* ViewController.h */ = {isa = PBXFileReference; lastKnownFileType = sourcecode.c.h; path = ViewController.h; sourceTree = "<group>"; };
		38BCC7781AAF9F6E00468A36 /* ViewController.m */ = {isa = PBXFileReference; lastKnownFileType = sourcecode.c.objc; path = ViewController.m; sourceTree = "<group>"; };
		38BCC77B1AAF9F6E00468A36 /* Base */ = {isa = PBXFileReference; lastKnownFileType = file.storyboard; name = Base; path = Base.lproj/Main.storyboard; sourceTree = "<group>"; };
		38BCC77D1AAF9F6E00468A36 /* Images.xcassets */ = {isa = PBXFileReference; lastKnownFileType = folder.assetcatalog; path = Images.xcassets; sourceTree = "<group>"; };
		38BCC7801AAF9F6E00468A36 /* Base */ = {isa = PBXFileReference; lastKnownFileType = file.xib; name = Base; path = Base.lproj/LaunchScreen.xib; sourceTree = "<group>"; };
		38BCC7861AAF9F6E00468A36 /* threaderTests.xctest */ = {isa = PBXFileReference; explicitFileType = wrapper.cfbundle; includeInIndex = 0; path = threaderTests.xctest; sourceTree = BUILT_PRODUCTS_DIR; };
		38BCC78B1AAF9F6E00468A36 /* Info.plist */ = {isa = PBXFileReference; lastKnownFileType = text.plist.xml; path = Info.plist; sourceTree = "<group>"; };
		38BCC78C1AAF9F6E00468A36 /* threaderTests.m */ = {isa = PBXFileReference; lastKnownFileType = sourcecode.c.objc; path = threaderTests.m; sourceTree = "<group>"; };
		38BCC7A01AAFAA5D00468A36 /* MapViewController.h */ = {isa = PBXFileReference; fileEncoding = 4; lastKnownFileType = sourcecode.c.h; path = MapViewController.h; sourceTree = "<group>"; };
		38BCC7A11AAFAA5D00468A36 /* MapViewController.m */ = {isa = PBXFileReference; fileEncoding = 4; lastKnownFileType = sourcecode.c.objc; path = MapViewController.m; sourceTree = "<group>"; };
/* End PBXFileReference section */

/* Begin PBXFrameworksBuildPhase section */
		38BCC7671AAF9F6E00468A36 /* Frameworks */ = {
			isa = PBXFrameworksBuildPhase;
			buildActionMask = 2147483647;
			files = (
				388ED87A1AB1417400423A00 /* Accounts.framework in Frameworks */,
				388ED8761AB1414D00423A00 /* Social.framework in Frameworks */,
				388ED8731AB1412E00423A00 /* Bolts.framework in Frameworks */,
				388ED8741AB1412E00423A00 /* Parse.framework in Frameworks */,
				388ED8671AB1344400423A00 /* libsqlite3.dylib in Frameworks */,
				388ED7931AAFEA1800423A00 /* SystemConfiguration.framework in Frameworks */,
				388ED8651AB1342800423A00 /* StoreKit.framework in Frameworks */,
				388ED8631AB1341B00423A00 /* Security.framework in Frameworks */,
				388ED8611AB133E100423A00 /* MobileCoreServices.framework in Frameworks */,
				388ED85F1AB133D500423A00 /* CoreGraphics.framework in Frameworks */,
				388ED85D1AB1339100423A00 /* CFNetwork.framework in Frameworks */,
				388ED85B1AB1338700423A00 /* AudioToolbox.framework in Frameworks */,
				388ED7911AAFEA0600423A00 /* QuartzCore.framework in Frameworks */,
				388ED78F1AAFE9D900423A00 /* OpenGLES.framework in Frameworks */,
				388ED78D1AAFE9CD00423A00 /* libz.dylib in Frameworks */,
				388ED78B1AAFE9C000423A00 /* libicucore.dylib in Frameworks */,
				388ED7891AAFE9B500423A00 /* libc++.dylib in Frameworks */,
				388ED7871AAFE9A900423A00 /* ImageIO.framework in Frameworks */,
				388ED7851AAFE9A000423A00 /* GLKit.framework in Frameworks */,
				388ED7831AAFE99700423A00 /* CoreText.framework in Frameworks */,
				388ED7811AAFE98C00423A00 /* CoreData.framework in Frameworks */,
				388ED77F1AAFE98300423A00 /* AVFoundation.framework in Frameworks */,
				388ED77D1AAFCF8D00423A00 /* GoogleMaps.framework in Frameworks */,
				388ED7791AAFCF5D00423A00 /* CoreLocation.framework in Frameworks */,
			);
			runOnlyForDeploymentPostprocessing = 0;
		};
		38BCC7831AAF9F6E00468A36 /* Frameworks */ = {
			isa = PBXFrameworksBuildPhase;
			buildActionMask = 2147483647;
			files = (
			);
			runOnlyForDeploymentPostprocessing = 0;
		};
/* End PBXFrameworksBuildPhase section */

/* Begin PBXGroup section */
		388ED8681AB1344F00423A00 /* Frameworks */ = {
			isa = PBXGroup;
			children = (
				388ED8791AB1417400423A00 /* Accounts.framework */,
				388ED8771AB1415E00423A00 /* AdSupport.framework */,
				388ED8751AB1414D00423A00 /* Social.framework */,
				388ED8711AB1412E00423A00 /* Bolts.framework */,
				388ED8721AB1412E00423A00 /* Parse.framework */,
				388ED8661AB1344400423A00 /* libsqlite3.dylib */,
				388ED8641AB1342800423A00 /* StoreKit.framework */,
				388ED8621AB1341B00423A00 /* Security.framework */,
				388ED8601AB133E100423A00 /* MobileCoreServices.framework */,
				388ED85E1AB133D500423A00 /* CoreGraphics.framework */,
				388ED85C1AB1339100423A00 /* CFNetwork.framework */,
				388ED85A1AB1338700423A00 /* AudioToolbox.framework */,
				388ED7921AAFEA1800423A00 /* SystemConfiguration.framework */,
				388ED7901AAFEA0600423A00 /* QuartzCore.framework */,
				388ED78E1AAFE9D900423A00 /* OpenGLES.framework */,
				388ED78C1AAFE9CD00423A00 /* libz.dylib */,
				388ED78A1AAFE9C000423A00 /* libicucore.dylib */,
				388ED8561AAFEC3800423A00 /* GoogleMaps.bundle */,
				388ED7881AAFE9B500423A00 /* libc++.dylib */,
				388ED7781AAFCF5D00423A00 /* CoreLocation.framework */,
				388ED7861AAFE9A800423A00 /* ImageIO.framework */,
				388ED7841AAFE9A000423A00 /* GLKit.framework */,
				388ED7821AAFE99700423A00 /* CoreText.framework */,
				388ED7801AAFE98C00423A00 /* CoreData.framework */,
				388ED77E1AAFE98300423A00 /* AVFoundation.framework */,
				388ED77C1AAFCF8D00423A00 /* GoogleMaps.framework */,
			);
			name = Frameworks;
			sourceTree = "<group>";
		};
		38BCC7611AAF9F6E00468A36 = {
			isa = PBXGroup;
			children = (
				388ED8681AB1344F00423A00 /* Frameworks */,
				38BCC76C1AAF9F6E00468A36 /* threader */,
				38BCC7891AAF9F6E00468A36 /* threaderTests */,
				38BCC76B1AAF9F6E00468A36 /* Products */,
			);
			sourceTree = "<group>";
		};
		38BCC76B1AAF9F6E00468A36 /* Products */ = {
			isa = PBXGroup;
			children = (
				38BCC76A1AAF9F6E00468A36 /* threader.app */,
				38BCC7861AAF9F6E00468A36 /* threaderTests.xctest */,
			);
			name = Products;
			sourceTree = "<group>";
		};
		38BCC76C1AAF9F6E00468A36 /* threader */ = {
			isa = PBXGroup;
			children = (
				38BCC7711AAF9F6E00468A36 /* AppDelegate.h */,
				38BCC7721AAF9F6E00468A36 /* AppDelegate.m */,
				38BCC7771AAF9F6E00468A36 /* ViewController.h */,
				38BCC7781AAF9F6E00468A36 /* ViewController.m */,
				38BCC7A01AAFAA5D00468A36 /* MapViewController.h */,
				38BCC7A11AAFAA5D00468A36 /* MapViewController.m */,
				388ED8811AB5430400423A00 /* MoreInfoVIew.h */,
				388ED8821AB5430400423A00 /* MoreInfoVIew.m */,
				388ED87E1AB26D9700423A00 /* ThreadListView.h */,
				388ED87F1AB26D9700423A00 /* ThreadListView.m */,
				38BCC77A1AAF9F6E00468A36 /* Main.storyboard */,
				38BCC77D1AAF9F6E00468A36 /* Images.xcassets */,
				38BCC77F1AAF9F6E00468A36 /* LaunchScreen.xib */,
				38BCC7741AAF9F6E00468A36 /* threader.xcdatamodeld */,
				38BCC76D1AAF9F6E00468A36 /* Supporting Files */,
			);
			path = threader;
			sourceTree = "<group>";
		};
		38BCC76D1AAF9F6E00468A36 /* Supporting Files */ = {
			isa = PBXGroup;
			children = (
				38BCC76E1AAF9F6E00468A36 /* Info.plist */,
				38BCC76F1AAF9F6E00468A36 /* main.m */,
			);
			name = "Supporting Files";
			sourceTree = "<group>";
		};
		38BCC7891AAF9F6E00468A36 /* threaderTests */ = {
			isa = PBXGroup;
			children = (
				38BCC78C1AAF9F6E00468A36 /* threaderTests.m */,
				38BCC78A1AAF9F6E00468A36 /* Supporting Files */,
			);
			path = threaderTests;
			sourceTree = "<group>";
		};
		38BCC78A1AAF9F6E00468A36 /* Supporting Files */ = {
			isa = PBXGroup;
			children = (
				38BCC78B1AAF9F6E00468A36 /* Info.plist */,
			);
			name = "Supporting Files";
			sourceTree = "<group>";
		};
/* End PBXGroup section */

/* Begin PBXNativeTarget section */
		38BCC7691AAF9F6E00468A36 /* threader */ = {
			isa = PBXNativeTarget;
			buildConfigurationList = 38BCC7901AAF9F6E00468A36 /* Build configuration list for PBXNativeTarget "threader" */;
			buildPhases = (
				38BCC7661AAF9F6E00468A36 /* Sources */,
				38BCC7671AAF9F6E00468A36 /* Frameworks */,
				38BCC7681AAF9F6E00468A36 /* Resources */,
			);
			buildRules = (
			);
			dependencies = (
			);
			name = threader;
			productName = threader;
			productReference = 38BCC76A1AAF9F6E00468A36 /* threader.app */;
			productType = "com.apple.product-type.application";
		};
		38BCC7851AAF9F6E00468A36 /* threaderTests */ = {
			isa = PBXNativeTarget;
			buildConfigurationList = 38BCC7931AAF9F6E00468A36 /* Build configuration list for PBXNativeTarget "threaderTests" */;
			buildPhases = (
				38BCC7821AAF9F6E00468A36 /* Sources */,
				38BCC7831AAF9F6E00468A36 /* Frameworks */,
				38BCC7841AAF9F6E00468A36 /* Resources */,
			);
			buildRules = (
			);
			dependencies = (
				38BCC7881AAF9F6E00468A36 /* PBXTargetDependency */,
			);
			name = threaderTests;
			productName = threaderTests;
			productReference = 38BCC7861AAF9F6E00468A36 /* threaderTests.xctest */;
			productType = "com.apple.product-type.bundle.unit-test";
		};
/* End PBXNativeTarget section */

/* Begin PBXProject section */
		38BCC7621AAF9F6E00468A36 /* Project object */ = {
			isa = PBXProject;
			attributes = {
				LastUpgradeCheck = 0610;
				ORGANIZATIONNAME = mkrum;
				TargetAttributes = {
					38BCC7691AAF9F6E00468A36 = {
						CreatedOnToolsVersion = 6.1.1;
					};
					38BCC7851AAF9F6E00468A36 = {
						CreatedOnToolsVersion = 6.1.1;
						TestTargetID = 38BCC7691AAF9F6E00468A36;
					};
				};
			};
			buildConfigurationList = 38BCC7651AAF9F6E00468A36 /* Build configuration list for PBXProject "threader" */;
			compatibilityVersion = "Xcode 3.2";
			developmentRegion = English;
			hasScannedForEncodings = 0;
			knownRegions = (
				en,
				Base,
				ar,
				ca,
				cs,
				da,
				de,
				el,
				en_GB,
				es,
				fi,
				fr,
				he,
				hr,
				hu,
				id,
				it,
				ja,
				ko,
				ms,
				nl,
				no,
				pl,
				pt,
				pt_PT,
				ro,
				ru,
				sk,
				sv,
				th,
				tr,
				uk,
				vi,
				zh_CN,
				zh_TW,
			);
			mainGroup = 38BCC7611AAF9F6E00468A36;
			productRefGroup = 38BCC76B1AAF9F6E00468A36 /* Products */;
			projectDirPath = "";
			projectRoot = "";
			targets = (
				38BCC7691AAF9F6E00468A36 /* threader */,
				38BCC7851AAF9F6E00468A36 /* threaderTests */,
			);
		};
/* End PBXProject section */

/* Begin PBXResourcesBuildPhase section */
		38BCC7681AAF9F6E00468A36 /* Resources */ = {
			isa = PBXResourcesBuildPhase;
			buildActionMask = 2147483647;
			files = (
				38BCC77C1AAF9F6E00468A36 /* Main.storyboard in Resources */,
				38BCC7811AAF9F6E00468A36 /* LaunchScreen.xib in Resources */,
				38BCC77E1AAF9F6E00468A36 /* Images.xcassets in Resources */,
				388ED8571AAFEC3800423A00 /* GoogleMaps.bundle in Resources */,
			);
			runOnlyForDeploymentPostprocessing = 0;
		};
		38BCC7841AAF9F6E00468A36 /* Resources */ = {
			isa = PBXResourcesBuildPhase;
			buildActionMask = 2147483647;
			files = (
			);
			runOnlyForDeploymentPostprocessing = 0;
		};
/* End PBXResourcesBuildPhase section */

/* Begin PBXSourcesBuildPhase section */
		38BCC7661AAF9F6E00468A36 /* Sources */ = {
			isa = PBXSourcesBuildPhase;
			buildActionMask = 2147483647;
			files = (
				38BCC7761AAF9F6E00468A36 /* threader.xcdatamodeld in Sources */,
				38BCC7731AAF9F6E00468A36 /* AppDelegate.m in Sources */,
				38BCC7A21AAFAA5D00468A36 /* MapViewController.m in Sources */,
				38BCC7791AAF9F6E00468A36 /* ViewController.m in Sources */,
				38BCC7701AAF9F6E00468A36 /* main.m in Sources */,
				388ED8831AB5430400423A00 /* MoreInfoVIew.m in Sources */,
				388ED8801AB26D9700423A00 /* ThreadListView.m in Sources */,
			);
			runOnlyForDeploymentPostprocessing = 0;
		};
		38BCC7821AAF9F6E00468A36 /* Sources */ = {
			isa = PBXSourcesBuildPhase;
			buildActionMask = 2147483647;
			files = (
				38BCC78D1AAF9F6E00468A36 /* threaderTests.m in Sources */,
			);
			runOnlyForDeploymentPostprocessing = 0;
		};
/* End PBXSourcesBuildPhase section */

/* Begin PBXTargetDependency section */
		38BCC7881AAF9F6E00468A36 /* PBXTargetDependency */ = {
			isa = PBXTargetDependency;
			target = 38BCC7691AAF9F6E00468A36 /* threader */;
			targetProxy = 38BCC7871AAF9F6E00468A36 /* PBXContainerItemProxy */;
		};
/* End PBXTargetDependency section */

/* Begin PBXVariantGroup section */
		38BCC77A1AAF9F6E00468A36 /* Main.storyboard */ = {
			isa = PBXVariantGroup;
			children = (
				38BCC77B1AAF9F6E00468A36 /* Base */,
			);
			name = Main.storyboard;
			sourceTree = "<group>";
		};
		38BCC77F1AAF9F6E00468A36 /* LaunchScreen.xib */ = {
			isa = PBXVariantGroup;
			children = (
				38BCC7801AAF9F6E00468A36 /* Base */,
			);
			name = LaunchScreen.xib;
			sourceTree = "<group>";
		};
/* End PBXVariantGroup section */

/* Begin XCBuildConfiguration section */
		38BCC78E1AAF9F6E00468A36 /* Debug */ = {
			isa = XCBuildConfiguration;
			buildSettings = {
				ALWAYS_SEARCH_USER_PATHS = NO;
				CLANG_CXX_LANGUAGE_STANDARD = "gnu++0x";
				CLANG_CXX_LIBRARY = "libc++";
				CLANG_ENABLE_MODULES = YES;
				CLANG_ENABLE_OBJC_ARC = YES;
				CLANG_WARN_BOOL_CONVERSION = YES;
				CLANG_WARN_CONSTANT_CONVERSION = YES;
				CLANG_WARN_DIRECT_OBJC_ISA_USAGE = YES_ERROR;
				CLANG_WARN_EMPTY_BODY = YES;
				CLANG_WARN_ENUM_CONVERSION = YES;
				CLANG_WARN_INT_CONVERSION = YES;
				CLANG_WARN_OBJC_ROOT_CLASS = YES_ERROR;
				CLANG_WARN_UNREACHABLE_CODE = YES;
				CLANG_WARN__DUPLICATE_METHOD_MATCH = YES;
				"CODE_SIGN_IDENTITY[sdk=iphoneos*]" = "iPhone Developer";
				COPY_PHASE_STRIP = NO;
				ENABLE_STRICT_OBJC_MSGSEND = YES;
				GCC_C_LANGUAGE_STANDARD = gnu99;
				GCC_DYNAMIC_NO_PIC = NO;
				GCC_OPTIMIZATION_LEVEL = 0;
				GCC_PREPROCESSOR_DEFINITIONS = (
					"DEBUG=1",
					"$(inherited)",
				);
				GCC_SYMBOLS_PRIVATE_EXTERN = NO;
				GCC_WARN_64_TO_32_BIT_CONVERSION = YES;
				GCC_WARN_ABOUT_RETURN_TYPE = YES_ERROR;
				GCC_WARN_UNDECLARED_SELECTOR = YES;
				GCC_WARN_UNINITIALIZED_AUTOS = YES_AGGRESSIVE;
				GCC_WARN_UNUSED_FUNCTION = YES;
				GCC_WARN_UNUSED_VARIABLE = YES;
				IPHONEOS_DEPLOYMENT_TARGET = 8.1;
				MTL_ENABLE_DEBUG_INFO = YES;
				ONLY_ACTIVE_ARCH = YES;
				SDKROOT = iphoneos;
				TARGETED_DEVICE_FAMILY = "1,2";
			};
			name = Debug;
		};
		38BCC78F1AAF9F6E00468A36 /* Release */ = {
			isa = XCBuildConfiguration;
			buildSettings = {
				ALWAYS_SEARCH_USER_PATHS = NO;
				CLANG_CXX_LANGUAGE_STANDARD = "gnu++0x";
				CLANG_CXX_LIBRARY = "libc++";
				CLANG_ENABLE_MODULES = YES;
				CLANG_ENABLE_OBJC_ARC = YES;
				CLANG_WARN_BOOL_CONVERSION = YES;
				CLANG_WARN_CONSTANT_CONVERSION = YES;
				CLANG_WARN_DIRECT_OBJC_ISA_USAGE = YES_ERROR;
				CLANG_WARN_EMPTY_BODY = YES;
				CLANG_WARN_ENUM_CONVERSION = YES;
				CLANG_WARN_INT_CONVERSION = YES;
				CLANG_WARN_OBJC_ROOT_CLASS = YES_ERROR;
				CLANG_WARN_UNREACHABLE_CODE = YES;
				CLANG_WARN__DUPLICATE_METHOD_MATCH = YES;
				"CODE_SIGN_IDENTITY[sdk=iphoneos*]" = "iPhone Developer";
				COPY_PHASE_STRIP = YES;
				ENABLE_NS_ASSERTIONS = NO;
				ENABLE_STRICT_OBJC_MSGSEND = YES;
				GCC_C_LANGUAGE_STANDARD = gnu99;
				GCC_WARN_64_TO_32_BIT_CONVERSION = YES;
				GCC_WARN_ABOUT_RETURN_TYPE = YES_ERROR;
				GCC_WARN_UNDECLARED_SELECTOR = YES;
				GCC_WARN_UNINITIALIZED_AUTOS = YES_AGGRESSIVE;
				GCC_WARN_UNUSED_FUNCTION = YES;
				GCC_WARN_UNUSED_VARIABLE = YES;
				IPHONEOS_DEPLOYMENT_TARGET = 8.1;
				MTL_ENABLE_DEBUG_INFO = NO;
				SDKROOT = iphoneos;
				TARGETED_DEVICE_FAMILY = "1,2";
				VALIDATE_PRODUCT = YES;
			};
			name = Release;
		};
		38BCC7911AAF9F6E00468A36 /* Debug */ = {
			isa = XCBuildConfiguration;
			buildSettings = {
				ASSETCATALOG_COMPILER_APPICON_NAME = AppIcon;
				FRAMEWORK_SEARCH_PATHS = (
					"$(inherited)",
					"/Users/michaelkrumdick/Downloads/GoogleMaps-iOS-1.9.2",
					"$(PROJECT_DIR)",
					"/Users/michaelkrumdick/Downloads/parse-library-1.6.4",
				);
				HEADER_SEARCH_PATHS = (
					"$(inherited)",
					/Applications/Xcode.app/Contents/Developer/Toolchains/XcodeDefault.xctoolchain/usr/include,
					"/Users/michaelkrumdick/Downloads/GoogleMaps-iOS-1.9.2/GoogleMaps.framework/Headers",
				);
				INFOPLIST_FILE = threader/Info.plist;
				LD_RUNPATH_SEARCH_PATHS = "$(inherited) @executable_path/Frameworks";
				OTHER_LDFLAGS = "-ObjC";
				PRODUCT_NAME = "$(TARGET_NAME)";
			};
			name = Debug;
		};
		38BCC7921AAF9F6E00468A36 /* Release */ = {
			isa = XCBuildConfiguration;
			buildSettings = {
				ASSETCATALOG_COMPILER_APPICON_NAME = AppIcon;
				FRAMEWORK_SEARCH_PATHS = (
					"$(inherited)",
					"/Users/michaelkrumdick/Downloads/GoogleMaps-iOS-1.9.2",
					"$(PROJECT_DIR)",
					"/Users/michaelkrumdick/Downloads/parse-library-1.6.4",
				);
				HEADER_SEARCH_PATHS = (
					"$(inherited)",
					/Applications/Xcode.app/Contents/Developer/Toolchains/XcodeDefault.xctoolchain/usr/include,
					"/Users/michaelkrumdick/Downloads/GoogleMaps-iOS-1.9.2/GoogleMaps.framework/Headers",
				);
				INFOPLIST_FILE = threader/Info.plist;
				LD_RUNPATH_SEARCH_PATHS = "$(inherited) @executable_path/Frameworks";
				OTHER_LDFLAGS = "-ObjC";
				PRODUCT_NAME = "$(TARGET_NAME)";
			};
			name = Release;
		};
		38BCC7941AAF9F6E00468A36 /* Debug */ = {
			isa = XCBuildConfiguration;
			buildSettings = {
				BUNDLE_LOADER = "$(TEST_HOST)";
				FRAMEWORK_SEARCH_PATHS = (
					"$(SDKROOT)/Developer/Library/Frameworks",
					"$(inherited)",
				);
				GCC_PREPROCESSOR_DEFINITIONS = (
					"DEBUG=1",
					"$(inherited)",
				);
				INFOPLIST_FILE = threaderTests/Info.plist;
				LD_RUNPATH_SEARCH_PATHS = "$(inherited) @executable_path/Frameworks @loader_path/Frameworks";
				PRODUCT_NAME = "$(TARGET_NAME)";
				TEST_HOST = "$(BUILT_PRODUCTS_DIR)/threader.app/threader";
			};
			name = Debug;
		};
		38BCC7951AAF9F6E00468A36 /* Release */ = {
			isa = XCBuildConfiguration;
			buildSettings = {
				BUNDLE_LOADER = "$(TEST_HOST)";
				FRAMEWORK_SEARCH_PATHS = (
					"$(SDKROOT)/Developer/Library/Frameworks",
					"$(inherited)",
				);
				INFOPLIST_FILE = threaderTests/Info.plist;
				LD_RUNPATH_SEARCH_PATHS = "$(inherited) @executable_path/Frameworks @loader_path/Frameworks";
				PRODUCT_NAME = "$(TARGET_NAME)";
				TEST_HOST = "$(BUILT_PRODUCTS_DIR)/threader.app/threader";
			};
			name = Release;
		};
/* End XCBuildConfiguration section */

/* Begin XCConfigurationList section */
		38BCC7651AAF9F6E00468A36 /* Build configuration list for PBXProject "threader" */ = {
			isa = XCConfigurationList;
			buildConfigurations = (
				38BCC78E1AAF9F6E00468A36 /* Debug */,
				38BCC78F1AAF9F6E00468A36 /* Release */,
			);
			defaultConfigurationIsVisible = 0;
			defaultConfigurationName = Release;
		};
		38BCC7901AAF9F6E00468A36 /* Build configuration list for PBXNativeTarget "threader" */ = {
			isa = XCConfigurationList;
			buildConfigurations = (
				38BCC7911AAF9F6E00468A36 /* Debug */,
				38BCC7921AAF9F6E00468A36 /* Release */,
			);
			defaultConfigurationIsVisible = 0;
			defaultConfigurationName = Release;
		};
		38BCC7931AAF9F6E00468A36 /* Build configuration list for PBXNativeTarget "threaderTests" */ = {
			isa = XCConfigurationList;
			buildConfigurations = (
				38BCC7941AAF9F6E00468A36 /* Debug */,
				38BCC7951AAF9F6E00468A36 /* Release */,
			);
			defaultConfigurationIsVisible = 0;
			defaultConfigurationName = Release;
		};
/* End XCConfigurationList section */

/* Begin XCVersionGroup section */
		38BCC7741AAF9F6E00468A36 /* threader.xcdatamodeld */ = {
			isa = XCVersionGroup;
			children = (
				38BCC7751AAF9F6E00468A36 /* threader.xcdatamodel */,
			);
			currentVersion = 38BCC7751AAF9F6E00468A36 /* threader.xcdatamodel */;
			path = threader.xcdatamodeld;
			sourceTree = "<group>";
			versionGroupType = wrapper.xcdatamodel;
		};
/* End XCVersionGroup section */
	};
	rootObject = 38BCC7621AAF9F6E00468A36 /* Project object */;
}
